{
    "_readme": [
        "This file locks the dependencies of your project to a known state",
        "Read more about it at https://getcomposer.org/doc/01-basic-usage.md#installing-dependencies",
        "This file is @generated automatically"
    ],
    "content-hash": "79dcbfd6bd659d612b40a7257516ff4c",
    "packages": [
        {
            "name": "essentio/core",
            "version": "dev-main",
            "source": {
                "type": "git",
                "url": "https://github.com/Phil-Venter/essentio_core.git",
                "reference": "eaa852fb9353476fadf75c295fcb1c5c3f4267ea"
            },
            "dist": {
                "type": "zip",
                "url": "https://api.github.com/repos/Phil-Venter/essentio_core/zipball/eaa852fb9353476fadf75c295fcb1c5c3f4267ea",
                "reference": "eaa852fb9353476fadf75c295fcb1c5c3f4267ea",
                "shasum": ""
            },
            "require": {
                "php": "^8.4"
            },
            "require-dev": {
                "nette/php-generator": "^4.1",
                "nikic/php-parser": "^5.4",
                "pestphp/pest": "3.x-dev"
            },
            "default-branch": true,
            "type": "library",
            "autoload": {
                "files": [
                    "src/functions.php"
                ],
                "psr-4": {
                    "Essentio\\Core\\": "src/"
                }
            },
            "notification-url": "https://packagist.org/downloads/",
            "license": [
                "MIT"
            ],
            "support": {
                "issues": "https://github.com/Phil-Venter/essentio_core/issues",
                "source": "https://github.com/Phil-Venter/essentio_core/tree/main"
            },
            "time": "2025-04-01T13:40:02+00:00"
        },
        {
            "name": "essentio/database",
            "version": "dev-main",
            "source": {
                "type": "git",
                "url": "https://github.com/Phil-Venter/essentio_database.git",
                "reference": "12353026876aae316a05404728e036f24cfb3ed1"
            },
            "dist": {
                "type": "zip",
                "url": "https://api.github.com/repos/Phil-Venter/essentio_database/zipball/12353026876aae316a05404728e036f24cfb3ed1",
                "reference": "12353026876aae316a05404728e036f24cfb3ed1",
                "shasum": ""
            },
            "default-branch": true,
            "type": "library",
            "autoload": {
                "psr-4": {
                    "Essentio\\Database\\": "src/"
                }
            },
            "notification-url": "https://packagist.org/downloads/",
            "license": [
                "MIT"
            ],
            "support": {
                "issues": "https://github.com/Phil-Venter/essentio_database/issues",
                "source": "https://github.com/Phil-Venter/essentio_database/tree/main"
            },
            "time": "2025-03-28T20:38:45+00:00"
        }
    ],
    "packages-dev": [],
    "aliases": [],
    "minimum-stability": "dev",
    "stability-flags": {
        "essentio/core": 20,
        "essentio/database": 20
    },
    "prefer-stable": false,
    "prefer-lowest": false,
    "platform": {},
    "platform-dev": {},
    "plugin-api-version": "2.6.0"
}
